// !$*UTF8*$!
{
	archiveVersion = 1;
	classes = {
	};
	objectVersion = 46;
	objects = {

/* Begin PBXBuildFile section */
		C477608C1BE749B700A7EA56 /* main.m in Sources */ = {isa = PBXBuildFile; fileRef = C477608B1BE749B700A7EA56 /* main.m */; };
		C477608F1BE749B700A7EA56 /* AppDelegate.m in Sources */ = {isa = PBXBuildFile; fileRef = C477608E1BE749B700A7EA56 /* AppDelegate.m */; };
		C47760921BE749B700A7EA56 /* github.xcdatamodeld in Sources */ = {isa = PBXBuildFile; fileRef = C47760901BE749B700A7EA56 /* github.xcdatamodeld */; };
		C47760951BE749B700A7EA56 /* ViewController.m in Sources */ = {isa = PBXBuildFile; fileRef = C47760941BE749B700A7EA56 /* ViewController.m */; };
		C47760981BE749B700A7EA56 /* Main.storyboard in Resources */ = {isa = PBXBuildFile; fileRef = C47760961BE749B700A7EA56 /* Main.storyboard */; };
		C477609A1BE749B700A7EA56 /* Images.xcassets in Resources */ = {isa = PBXBuildFile; fileRef = C47760991BE749B700A7EA56 /* Images.xcassets */; };
		C477609D1BE749B700A7EA56 /* LaunchScreen.xib in Resources */ = {isa = PBXBuildFile; fileRef = C477609B1BE749B700A7EA56 /* LaunchScreen.xib */; };
		C47760A91BE749B700A7EA56 /* githubTests.m in Sources */ = {isa = PBXBuildFile; fileRef = C47760A81BE749B700A7EA56 /* githubTests.m */; };
/* End PBXBuildFile section */

/* Begin PBXContainerItemProxy section */
		C47760A31BE749B700A7EA56 /* PBXContainerItemProxy */ = {
			isa = PBXContainerItemProxy;
			containerPortal = C477607E1BE749B700A7EA56 /* Project object */;
			proxyType = 1;
			remoteGlobalIDString = C47760851BE749B700A7EA56;
			remoteInfo = github;
		};
/* End PBXContainerItemProxy section */

/* Begin PBXFileReference section */
		C47760861BE749B700A7EA56 /* github.app */ = {isa = PBXFileReference; explicitFileType = wrapper.application; includeInIndex = 0; path = github.app; sourceTree = BUILT_PRODUCTS_DIR; };
		C477608A1BE749B700A7EA56 /* Info.plist */ = {isa = PBXFileReference; lastKnownFileType = text.plist.xml; path = Info.plist; sourceTree = "<group>"; };
		C477608B1BE749B700A7EA56 /* main.m */ = {isa = PBXFileReference; lastKnownFileType = sourcecode.c.objc; path = main.m; sourceTree = "<group>"; };
		C477608D1BE749B700A7EA56 /* AppDelegate.h */ = {isa = PBXFileReference; lastKnownFileType = sourcecode.c.h; path = AppDelegate.h; sourceTree = "<group>"; };
		C477608E1BE749B700A7EA56 /* AppDelegate.m */ = {isa = PBXFileReference; lastKnownFileType = sourcecode.c.objc; path = AppDelegate.m; sourceTree = "<group>"; };
		C47760911BE749B700A7EA56 /* github.xcdatamodel */ = {isa = PBXFileReference; lastKnownFileType = wrapper.xcdatamodel; path = github.xcdatamodel; sourceTree = "<group>"; };
		C47760931BE749B700A7EA56 /* ViewController.h */ = {isa = PBXFileReference; lastKnownFileType = sourcecode.c.h; path = ViewController.h; sourceTree = "<group>"; };
		C47760941BE749B700A7EA56 /* ViewController.m */ = {isa = PBXFileReference; lastKnownFileType = sourcecode.c.objc; path = ViewController.m; sourceTree = "<group>"; };
		C47760971BE749B700A7EA56 /* Base */ = {isa = PBXFileReference; lastKnownFileType = file.storyboard; name = Base; path = Base.lproj/Main.storyboard; sourceTree = "<group>"; };
		C47760991BE749B700A7EA56 /* Images.xcassets */ = {isa = PBXFileReference; lastKnownFileType = folder.assetcatalog; path = Images.xcassets; sourceTree = "<group>"; };
		C477609C1BE749B700A7EA56 /* Base */ = {isa = PBXFileReference; lastKnownFileType = file.xib; name = Base; path = Base.lproj/LaunchScreen.xib; sourceTree = "<group>"; };
		C47760A21BE749B700A7EA56 /* githubTests.xctest */ = {isa = PBXFileReference; explicitFileType = wrapper.cfbundle; includeInIndex = 0; path = githubTests.xctest; sourceTree = BUILT_PRODUCTS_DIR; };
		C47760A71BE749B700A7EA56 /* Info.plist */ = {isa = PBXFileReference; lastKnownFileType = text.plist.xml; path = Info.plist; sourceTree = "<group>"; };
		C47760A81BE749B700A7EA56 /* githubTests.m */ = {isa = PBXFileReference; lastKnownFileType = sourcecode.c.objc; path = githubTests.m; sourceTree = "<group>"; };
/* End PBXFileReference section */

/* Begin PBXFrameworksBuildPhase section */
		C47760831BE749B700A7EA56 /* Frameworks */ = {
			isa = PBXFrameworksBuildPhase;
			buildActionMask = 2147483647;
			files = (
			);
			runOnlyForDeploymentPostprocessing = 0;
		};
		C477609F1BE749B700A7EA56 /* Frameworks */ = {
			isa = PBXFrameworksBuildPhase;
			buildActionMask = 2147483647;
			files = (
			);
			runOnlyForDeploymentPostprocessing = 0;
		};
/* End PBXFrameworksBuildPhase section */

/* Begin PBXGroup section */
		C477607D1BE749B700A7EA56 = {
			isa = PBXGroup;
			children = (
				C47760881BE749B700A7EA56 /* github */,
				C47760A51BE749B700A7EA56 /* githubTests */,
				C47760871BE749B700A7EA56 /* Products */,
			);
			sourceTree = "<group>";
		};
		C47760871BE749B700A7EA56 /* Products */ = {
			isa = PBXGroup;
			children = (
				C47760861BE749B700A7EA56 /* github.app */,
				C47760A21BE749B700A7EA56 /* githubTests.xctest */,
			);
			name = Products;
			sourceTree = "<group>";
		};
		C47760881BE749B700A7EA56 /* github */ = {
			isa = PBXGroup;
			children = (
				C477608D1BE749B700A7EA56 /* AppDelegate.h */,
				C477608E1BE749B700A7EA56 /* AppDelegate.m */,
				C47760931BE749B700A7EA56 /* ViewController.h */,
				C47760941BE749B700A7EA56 /* ViewController.m */,
				C47760961BE749B700A7EA56 /* Main.storyboard */,
				C47760991BE749B700A7EA56 /* Images.xcassets */,
				C477609B1BE749B700A7EA56 /* LaunchScreen.xib */,
				C47760901BE749B700A7EA56 /* github.xcdatamodeld */,
				C47760891BE749B700A7EA56 /* Supporting Files */,
			);
			path = github;
			sourceTree = "<group>";
		};
		C47760891BE749B700A7EA56 /* Supporting Files */ = {
			isa = PBXGroup;
			children = (
				C477608A1BE749B700A7EA56 /* Info.plist */,
				C477608B1BE749B700A7EA56 /* main.m */,
			);
			name = "Supporting Files";
			sourceTree = "<group>";
		};
		C47760A51BE749B700A7EA56 /* githubTests */ = {
			isa = PBXGroup;
			children = (
				C47760A81BE749B700A7EA56 /* githubTests.m */,
				C47760A61BE749B700A7EA56 /* Supporting Files */,
			);
			path = githubTests;
			sourceTree = "<group>";
		};
		C47760A61BE749B700A7EA56 /* Supporting Files */ = {
			isa = PBXGroup;
			children = (
				C47760A71BE749B700A7EA56 /* Info.plist */,
			);
			name = "Supporting Files";
			sourceTree = "<group>";
		};
/* End PBXGroup section */

/* Begin PBXNativeTarget section */
		C47760851BE749B700A7EA56 /* github */ = {
			isa = PBXNativeTarget;
			buildConfigurationList = C47760AC1BE749B700A7EA56 /* Build configuration list for PBXNativeTarget "github" */;
			buildPhases = (
				C47760821BE749B700A7EA56 /* Sources */,
				C47760831BE749B700A7EA56 /* Frameworks */,
				C47760841BE749B700A7EA56 /* Resources */,
			);
			buildRules = (
			);
			dependencies = (
			);
			name = github;
			productName = github;
			productReference = C47760861BE749B700A7EA56 /* github.app */;
			productType = "com.apple.product-type.application";
		};
		C47760A11BE749B700A7EA56 /* githubTests */ = {
			isa = PBXNativeTarget;
			buildConfigurationList = C47760AF1BE749B700A7EA56 /* Build configuration list for PBXNativeTarget "githubTests" */;
			buildPhases = (
				C477609E1BE749B700A7EA56 /* Sources */,
				C477609F1BE749B700A7EA56 /* Frameworks */,
				C47760A01BE749B700A7EA56 /* Resources */,
			);
			buildRules = (
			);
			dependencies = (
				C47760A41BE749B700A7EA56 /* PBXTargetDependency */,
			);
			name = githubTests;
			productName = githubTests;
			productReference = C47760A21BE749B700A7EA56 /* githubTests.xctest */;
			productType = "com.apple.product-type.bundle.unit-test";
		};
/* End PBXNativeTarget section */

/* Begin PBXProject section */
		C477607E1BE749B700A7EA56 /* Project object */ = {
			isa = PBXProject;
			attributes = {
				LastUpgradeCheck = 0640;
				ORGANIZATIONNAME = "武权";
				TargetAttributes = {
					C47760851BE749B700A7EA56 = {
						CreatedOnToolsVersion = 6.4;
					};
					C47760A11BE749B700A7EA56 = {
						CreatedOnToolsVersion = 6.4;
						TestTargetID = C47760851BE749B700A7EA56;
					};
				};
			};
			buildConfigurationList = C47760811BE749B700A7EA56 /* Build configuration list for PBXProject "github" */;
			compatibilityVersion = "Xcode 3.2";
			developmentRegion = English;
			hasScannedForEncodings = 0;
			knownRegions = (
				en,
				Base,
			);
			mainGroup = C477607D1BE749B700A7EA56;
			productRefGroup = C47760871BE749B700A7EA56 /* Products */;
			projectDirPath = "";
			projectRoot = "";
			targets = (
				C47760851BE749B700A7EA56 /* github */,
				C47760A11BE749B700A7EA56 /* githubTests */,
			);
		};
/* End PBXProject section */

/* Begin PBXResourcesBuildPhase section */
		C47760841BE749B700A7EA56 /* Resources */ = {
			isa = PBXResourcesBuildPhase;
			buildActionMask = 2147483647;
			files = (
				C47760981BE749B700A7EA56 /* Main.storyboard in Resources */,
				C477609D1BE749B700A7EA56 /* LaunchScreen.xib in Resources */,
				C477609A1BE749B700A7EA56 /* Images.xcassets in Resources */,
			);
			runOnlyForDeploymentPostprocessing = 0;
		};
		C47760A01BE749B700A7EA56 /* Resources */ = {
			isa = PBXResourcesBuildPhase;
			buildActionMask = 2147483647;
			files = (
			);
			runOnlyForDeploymentPostprocessing = 0;
		};
/* End PBXResourcesBuildPhase section */

/* Begin PBXSourcesBuildPhase section */
		C47760821BE749B700A7EA56 /* Sources */ = {
			isa = PBXSourcesBuildPhase;
			buildActionMask = 2147483647;
			files = (
				C47760921BE749B700A7EA56 /* github.xcdatamodeld in Sources */,
				C477608F1BE749B700A7EA56 /* AppDelegate.m in Sources */,
				C47760951BE749B700A7EA56 /* ViewController.m in Sources */,
				C477608C1BE749B700A7EA56 /* main.m in Sources */,
			);
			runOnlyForDeploymentPostprocessing = 0;
		};
		C477609E1BE749B700A7EA56 /* Sources */ = {
			isa = PBXSourcesBuildPhase;
			buildActionMask = 2147483647;
			files = (
				C47760A91BE749B700A7EA56 /* githubTests.m in Sources */,
			);
			runOnlyForDeploymentPostprocessing = 0;
		};
/* End PBXSourcesBuildPhase section */

/* Begin PBXTargetDependency section */
		C47760A41BE749B700A7EA56 /* PBXTargetDependency */ = {
			isa = PBXTargetDependency;
			target = C47760851BE749B700A7EA56 /* github */;
			targetProxy = C47760A31BE749B700A7EA56 /* PBXContainerItemProxy */;
		};
/* End PBXTargetDependency section */

/* Begin PBXVariantGroup section */
		C47760961BE749B700A7EA56 /* Main.storyboard */ = {
			isa = PBXVariantGroup;
			children = (
				C47760971BE749B700A7EA56 /* Base */,
			);
			name = Main.storyboard;
			sourceTree = "<group>";
		};
		C477609B1BE749B700A7EA56 /* LaunchScreen.xib */ = {
			isa = PBXVariantGroup;
			children = (
				C477609C1BE749B700A7EA56 /* Base */,
			);
			name = LaunchScreen.xib;
			sourceTree = "<group>";
		};
/* End PBXVariantGroup section */

/* Begin XCBuildConfiguration section */
		C47760AA1BE749B700A7EA56 /* Debug */ = {
			isa = XCBuildConfiguration;
			buildSettings = {
				ALWAYS_SEARCH_USER_PATHS = NO;
				CLANG_CXX_LANGUAGE_STANDARD = "gnu++0x";
				CLANG_CXX_LIBRARY = "libc++";
				CLANG_ENABLE_MODULES = YES;
				CLANG_ENABLE_OBJC_ARC = YES;
				CLANG_WARN_BOOL_CONVERSION = YES;
				CLANG_WARN_CONSTANT_CONVERSION = YES;
				CLANG_WARN_DIRECT_OBJC_ISA_USAGE = YES_ERROR;
				CLANG_WARN_EMPTY_BODY = YES;
				CLANG_WARN_ENUM_CONVERSION = YES;
				CLANG_WARN_INT_CONVERSION = YES;
				CLANG_WARN_OBJC_ROOT_CLASS = YES_ERROR;
				CLANG_WARN_UNREACHABLE_CODE = YES;
				CLANG_WARN__DUPLICATE_METHOD_MATCH = YES;
				"CODE_SIGN_IDENTITY[sdk=iphoneos*]" = "iPhone Developer";
				COPY_PHASE_STRIP = NO;
				DEBUG_INFORMATION_FORMAT = "dwarf-with-dsym";
				ENABLE_STRICT_OBJC_MSGSEND = YES;
				GCC_C_LANGUAGE_STANDARD = gnu99;
				GCC_DYNAMIC_NO_PIC = NO;
				GCC_NO_COMMON_BLOCKS = YES;
				GCC_OPTIMIZATION_LEVEL = 0;
				GCC_PREPROCESSOR_DEFINITIONS = (
					"DEBUG=1",
					"$(inherited)",
				);
				GCC_SYMBOLS_PRIVATE_EXTERN = NO;
				GCC_WARN_64_TO_32_BIT_CONVERSION = YES;
				GCC_WARN_ABOUT_RETURN_TYPE = YES_ERROR;
				GCC_WARN_UNDECLARED_SELECTOR = YES;
				GCC_WARN_UNINITIALIZED_AUTOS = YES_AGGRESSIVE;
				GCC_WARN_UNUSED_FUNCTION = YES;
				GCC_WARN_UNUSED_VARIABLE = YES;
				IPHONEOS_DEPLOYMENT_TARGET = 8.4;
				MTL_ENABLE_DEBUG_INFO = YES;
				ONLY_ACTIVE_ARCH = YES;
				SDKROOT = iphoneos;
				TARGETED_DEVICE_FAMILY = "1,2";
			};
			name = Debug;
		};
		C47760AB1BE749B700A7EA56 /* Release */ = {
			isa = XCBuildConfiguration;
			buildSettings = {
				ALWAYS_SEARCH_USER_PATHS = NO;
				CLANG_CXX_LANGUAGE_STANDARD = "gnu++0x";
				CLANG_CXX_LIBRARY = "libc++";
				CLANG_ENABLE_MODULES = YES;
				CLANG_ENABLE_OBJC_ARC = YES;
				CLANG_WARN_BOOL_CONVERSION = YES;
				CLANG_WARN_CONSTANT_CONVERSION = YES;
				CLANG_WARN_DIRECT_OBJC_ISA_USAGE = YES_ERROR;
				CLANG_WARN_EMPTY_BODY = YES;
				CLANG_WARN_ENUM_CONVERSION = YES;
				CLANG_WARN_INT_CONVERSION = YES;
				CLANG_WARN_OBJC_ROOT_CLASS = YES_ERROR;
				CLANG_WARN_UNREACHABLE_CODE = YES;
				CLANG_WARN__DUPLICATE_METHOD_MATCH = YES;
				"CODE_SIGN_IDENTITY[sdk=iphoneos*]" = "iPhone Developer";
				COPY_PHASE_STRIP = NO;
				DEBUG_INFORMATION_FORMAT = "dwarf-with-dsym";
				ENABLE_NS_ASSERTIONS = NO;
				ENABLE_STRICT_OBJC_MSGSEND = YES;
				GCC_C_LANGUAGE_STANDARD = gnu99;
				GCC_NO_COMMON_BLOCKS = YES;
				GCC_WARN_64_TO_32_BIT_CONVERSION = YES;
				GCC_WARN_ABOUT_RETURN_TYPE = YES_ERROR;
				GCC_WARN_UNDECLARED_SELECTOR = YES;
				GCC_WARN_UNINITIALIZED_AUTOS = YES_AGGRESSIVE;
				GCC_WARN_UNUSED_FUNCTION = YES;
				GCC_WARN_UNUSED_VARIABLE = YES;
				IPHONEOS_DEPLOYMENT_TARGET = 8.4;
				MTL_ENABLE_DEBUG_INFO = NO;
				SDKROOT = iphoneos;
				TARGETED_DEVICE_FAMILY = "1,2";
				VALIDATE_PRODUCT = YES;
			};
			name = Release;
		};
		C47760AD1BE749B700A7EA56 /* Debug */ = {
			isa = XCBuildConfiguration;
			buildSettings = {
				ASSETCATALOG_COMPILER_APPICON_NAME = AppIcon;
				INFOPLIST_FILE = github/Info.plist;
				LD_RUNPATH_SEARCH_PATHS = "$(inherited) @executable_path/Frameworks";
				PRODUCT_NAME = "$(TARGET_NAME)";
			};
			name = Debug;
		};
		C47760AE1BE749B700A7EA56 /* Release */ = {
			isa = XCBuildConfiguration;
			buildSettings = {
				ASSETCATALOG_COMPILER_APPICON_NAME = AppIcon;
				INFOPLIST_FILE = github/Info.plist;
				LD_RUNPATH_SEARCH_PATHS = "$(inherited) @executable_path/Frameworks";
				PRODUCT_NAME = "$(TARGET_NAME)";
			};
			name = Release;
		};
		C47760B01BE749B700A7EA56 /* Debug */ = {
			isa = XCBuildConfiguration;
			buildSettings = {
				BUNDLE_LOADER = "$(TEST_HOST)";
				FRAMEWORK_SEARCH_PATHS = (
					"$(SDKROOT)/Developer/Library/Frameworks",
					"$(inherited)",
				);
				GCC_PREPROCESSOR_DEFINITIONS = (
					"DEBUG=1",
					"$(inherited)",
				);
				INFOPLIST_FILE = githubTests/Info.plist;
				LD_RUNPATH_SEARCH_PATHS = "$(inherited) @executable_path/Frameworks @loader_path/Frameworks";
				PRODUCT_NAME = "$(TARGET_NAME)";
				TEST_HOST = "$(BUILT_PRODUCTS_DIR)/github.app/github";
			};
			name = Debug;
		};
		C47760B11BE749B700A7EA56 /* Release */ = {
			isa = XCBuildConfiguration;
			buildSettings = {
				BUNDLE_LOADER = "$(TEST_HOST)";
				FRAMEWORK_SEARCH_PATHS = (
					"$(SDKROOT)/Developer/Library/Frameworks",
					"$(inherited)",
				);
				INFOPLIST_FILE = githubTests/Info.plist;
				LD_RUNPATH_SEARCH_PATHS = "$(inherited) @executable_path/Frameworks @loader_path/Frameworks";
				PRODUCT_NAME = "$(TARGET_NAME)";
				TEST_HOST = "$(BUILT_PRODUCTS_DIR)/github.app/github";
			};
			name = Release;
		};
/* End XCBuildConfiguration section */

/* Begin XCConfigurationList section */
		C47760811BE749B700A7EA56 /* Build configuration list for PBXProject "github" */ = {
			isa = XCConfigurationList;
			buildConfigurations = (
				C47760AA1BE749B700A7EA56 /* Debug */,
				C47760AB1BE749B700A7EA56 /* Release */,
			);
			defaultConfigurationIsVisible = 0;
			defaultConfigurationName = Release;
		};
		C47760AC1BE749B700A7EA56 /* Build configuration list for PBXNativeTarget "github" */ = {
			isa = XCConfigurationList;
			buildConfigurations = (
				C47760AD1BE749B700A7EA56 /* Debug */,
				C47760AE1BE749B700A7EA56 /* Release */,
			);
			defaultConfigurationIsVisible = 0;
		};
		C47760AF1BE749B700A7EA56 /* Build configuration list for PBXNativeTarget "githubTests" */ = {
			isa = XCConfigurationList;
			buildConfigurations = (
				C47760B01BE749B700A7EA56 /* Debug */,
				C47760B11BE749B700A7EA56 /* Release */,
			);
			defaultConfigurationIsVisible = 0;
		};
/* End XCConfigurationList section */

/* Begin XCVersionGroup section */
		C47760901BE749B700A7EA56 /* github.xcdatamodeld */ = {
			isa = XCVersionGroup;
			children = (
				C47760911BE749B700A7EA56 /* github.xcdatamodel */,
			);
			currentVersion = C47760911BE749B700A7EA56 /* github.xcdatamodel */;
			path = github.xcdatamodeld;
			sourceTree = "<group>";
			versionGroupType = wrapper.xcdatamodel;
		};
/* End XCVersionGroup section */
	};
	rootObject = C477607E1BE749B700A7EA56 /* Project object */;
}
